{
  "name": "phpcs",
  "version": "1.0.0-beta.4",
  "lockfileVersion": 1,
  "requires": true,
  "dependencies": {
    "@types/minimatch": {
      "version": "3.0.1",
      "resolved": "https://nexus.devworks.gr/repository/npm-group/@types/minimatch/-/minimatch-3.0.1.tgz",
      "integrity": "sha512-rUO/jz10KRSyA9SHoCWQ8WX9BICyj5jZYu1/ucKEJKb4KzLZCKMURdYbadP157Q6Zl1x0vHsrU+Z/O0XlhYQDw==",
      "dev": true
    },
    "@types/mocha": {
      "version": "2.2.44",
      "resolved": "https://nexus.devworks.gr/repository/npm-group/@types/mocha/-/mocha-2.2.44.tgz",
      "integrity": "sha512-k2tWTQU8G4+iSMvqKi0Q9IIsWAp/n8xzdZS4Q4YVIltApoMA00wFBFdlJnmoaK1/z7B0Cy0yPe6GgXteSmdUNw==",
      "dev": true
    },
    "@types/node": {
      "version": "6.0.90",
      "resolved": "https://nexus.devworks.gr/repository/npm-group/@types/node/-/node-6.0.90.tgz",
      "integrity": "sha512-tXoGRVdi7wZX7P1VWoV9Wfk0uYDOAHdEYXAttuWgSrN76Q32wQlSrMX0Rgyv3RTEaQY2ZLQrzYHVM2e8rfo8sA==",
      "dev": true
    },
    "@types/semver": {
      "version": "5.4.0",
      "resolved": "https://nexus.devworks.gr/repository/npm-group/@types/semver/-/semver-5.4.0.tgz",
      "integrity": "sha512-PBHCvO98hNec9A491vBbh0ZNDOVxccwKL1u2pm6fs9oDgm7SEnw0lEHqHfjsYryDxnE3zaf7LvERWEXjOp1hig==",
      "dev": true
    },
    "typescript": {
      "version": "2.6.1",
      "resolved": "https://nexus.devworks.gr/repository/npm-group/typescript/-/typescript-2.6.1.tgz",
      "integrity": "sha1-7znN6ierrAtQAkLWcmq5DgyEZjE=",
      "dev": true
    }
  }
}
